// !$*UTF8*$!
{
	archiveVersion = 1;
	classes = {
	};
	objectVersion = 56;
	objects = {

/* Begin PBXBuildFile section */
		2DF5ADBD2B055D160052C509 /* MyProfileApp.swift in Sources */ = {isa = PBXBuildFile; fileRef = 2DF5ADBC2B055D160052C509 /* MyProfileApp.swift */; };
		2DF5ADC12B055D170052C509 /* Assets.xcassets in Resources */ = {isa = PBXBuildFile; fileRef = 2DF5ADC02B055D170052C509 /* Assets.xcassets */; };
		2DF5ADC42B055D170052C509 /* Preview Assets.xcassets in Resources */ = {isa = PBXBuildFile; fileRef = 2DF5ADC32B055D170052C509 /* Preview Assets.xcassets */; };
		2DF5ADCC2B055D480052C509 /* BaseVM.swift in Sources */ = {isa = PBXBuildFile; fileRef = 2DF5ADCB2B055D480052C509 /* BaseVM.swift */; };
		2DF5ADD02B055D4F0052C509 /* RootView.swift in Sources */ = {isa = PBXBuildFile; fileRef = 2DF5ADCE2B055D4F0052C509 /* RootView.swift */; };
		2DF5ADD12B055D4F0052C509 /* RootVM.swift in Sources */ = {isa = PBXBuildFile; fileRef = 2DF5ADCF2B055D4F0052C509 /* RootVM.swift */; };
		2DF5ADD52B055D6F0052C509 /* ProfileVM.swift in Sources */ = {isa = PBXBuildFile; fileRef = 2DF5ADD32B055D6F0052C509 /* ProfileVM.swift */; };
		2DF5ADD62B055D6F0052C509 /* ProfileView.swift in Sources */ = {isa = PBXBuildFile; fileRef = 2DF5ADD42B055D6F0052C509 /* ProfileView.swift */; };
		2DF5ADDA2B055DA70052C509 /* AppState.swift in Sources */ = {isa = PBXBuildFile; fileRef = 2DF5ADD92B055DA70052C509 /* AppState.swift */; };
		2DF5ADDC2B055DBD0052C509 /*  DependencyContainer.swift in Sources */ = {isa = PBXBuildFile; fileRef = 2DF5ADDB2B055DBD0052C509 /*  DependencyContainer.swift */; };
		2DF5ADDE2B055EA50052C509 /* User.swift in Sources */ = {isa = PBXBuildFile; fileRef = 2DF5ADDD2B055EA50052C509 /* User.swift */; };
		2DF5ADE32B05E8FD0052C509 /* NotificationService.swift in Sources */ = {isa = PBXBuildFile; fileRef = 2DF5ADE22B05E8FD0052C509 /* NotificationService.swift */; };
		2DF5ADE82B0630120052C509 /* ToggleView.swift in Sources */ = {isa = PBXBuildFile; fileRef = 2DF5ADE62B0630120052C509 /* ToggleView.swift */; };
		7857705B2B067CD900E4868B /* SF-Pro-Display-Semibold.otf in Resources */ = {isa = PBXBuildFile; fileRef = 7857705A2B067CD900E4868B /* SF-Pro-Display-Semibold.otf */; };
		7857705D2B067D0B00E4868B /* SF-Pro-Text-Regular.otf in Resources */ = {isa = PBXBuildFile; fileRef = 7857705C2B067D0B00E4868B /* SF-Pro-Text-Regular.otf */; };
		785770602B067DCB00E4868B /* Font.swift in Sources */ = {isa = PBXBuildFile; fileRef = 7857705F2B067DCB00E4868B /* Font.swift */; };
		785770632B068EB800E4868B /* HomeView.swift in Sources */ = {isa = PBXBuildFile; fileRef = 785770622B068EB800E4868B /* HomeView.swift */; };
		785770652B068EC500E4868B /* HomeVM.swift in Sources */ = {isa = PBXBuildFile; fileRef = 785770642B068EC500E4868B /* HomeVM.swift */; };
		789BD24D2B06589C009686E5 /* Color.swift in Sources */ = {isa = PBXBuildFile; fileRef = 789BD24C2B06589C009686E5 /* Color.swift */; };
/* End PBXBuildFile section */

/* Begin PBXFileReference section */
		2DF5ADB92B055D160052C509 /* MyProfile.app */ = {isa = PBXFileReference; explicitFileType = wrapper.application; includeInIndex = 0; path = MyProfile.app; sourceTree = BUILT_PRODUCTS_DIR; };
		2DF5ADBC2B055D160052C509 /* MyProfileApp.swift */ = {isa = PBXFileReference; lastKnownFileType = sourcecode.swift; path = MyProfileApp.swift; sourceTree = "<group>"; };
		2DF5ADC02B055D170052C509 /* Assets.xcassets */ = {isa = PBXFileReference; lastKnownFileType = folder.assetcatalog; path = Assets.xcassets; sourceTree = "<group>"; };
		2DF5ADC32B055D170052C509 /* Preview Assets.xcassets */ = {isa = PBXFileReference; lastKnownFileType = folder.assetcatalog; path = "Preview Assets.xcassets"; sourceTree = "<group>"; };
		2DF5ADCB2B055D480052C509 /* BaseVM.swift */ = {isa = PBXFileReference; fileEncoding = 4; lastKnownFileType = sourcecode.swift; path = BaseVM.swift; sourceTree = "<group>"; };
		2DF5ADCE2B055D4F0052C509 /* RootView.swift */ = {isa = PBXFileReference; fileEncoding = 4; lastKnownFileType = sourcecode.swift; path = RootView.swift; sourceTree = "<group>"; };
		2DF5ADCF2B055D4F0052C509 /* RootVM.swift */ = {isa = PBXFileReference; fileEncoding = 4; lastKnownFileType = sourcecode.swift; path = RootVM.swift; sourceTree = "<group>"; };
		2DF5ADD32B055D6F0052C509 /* ProfileVM.swift */ = {isa = PBXFileReference; fileEncoding = 4; lastKnownFileType = sourcecode.swift; path = ProfileVM.swift; sourceTree = "<group>"; };
		2DF5ADD42B055D6F0052C509 /* ProfileView.swift */ = {isa = PBXFileReference; fileEncoding = 4; lastKnownFileType = sourcecode.swift; path = ProfileView.swift; sourceTree = "<group>"; };
		2DF5ADD92B055DA70052C509 /* AppState.swift */ = {isa = PBXFileReference; fileEncoding = 4; lastKnownFileType = sourcecode.swift; path = AppState.swift; sourceTree = "<group>"; };
		2DF5ADDB2B055DBD0052C509 /*  DependencyContainer.swift */ = {isa = PBXFileReference; fileEncoding = 4; lastKnownFileType = sourcecode.swift; path = " DependencyContainer.swift"; sourceTree = "<group>"; };
		2DF5ADDD2B055EA50052C509 /* User.swift */ = {isa = PBXFileReference; lastKnownFileType = sourcecode.swift; path = User.swift; sourceTree = "<group>"; };
		2DF5ADDF2B05E8840052C509 /* MyProfile.entitlements */ = {isa = PBXFileReference; lastKnownFileType = text.plist.entitlements; path = MyProfile.entitlements; sourceTree = "<group>"; };
		2DF5ADE22B05E8FD0052C509 /* NotificationService.swift */ = {isa = PBXFileReference; fileEncoding = 4; lastKnownFileType = sourcecode.swift; path = NotificationService.swift; sourceTree = "<group>"; };
		2DF5ADE62B0630120052C509 /* ToggleView.swift */ = {isa = PBXFileReference; lastKnownFileType = sourcecode.swift; path = ToggleView.swift; sourceTree = "<group>"; };
		7857705A2B067CD900E4868B /* SF-Pro-Display-Semibold.otf */ = {isa = PBXFileReference; lastKnownFileType = file; path = "SF-Pro-Display-Semibold.otf"; sourceTree = "<group>"; };
		7857705C2B067D0B00E4868B /* SF-Pro-Text-Regular.otf */ = {isa = PBXFileReference; lastKnownFileType = file; path = "SF-Pro-Text-Regular.otf"; sourceTree = "<group>"; };
		7857705E2B067D4000E4868B /* Info.plist */ = {isa = PBXFileReference; lastKnownFileType = text.plist; path = Info.plist; sourceTree = "<group>"; };
		7857705F2B067DCB00E4868B /* Font.swift */ = {isa = PBXFileReference; lastKnownFileType = sourcecode.swift; path = Font.swift; sourceTree = "<group>"; };
		785770622B068EB800E4868B /* HomeView.swift */ = {isa = PBXFileReference; lastKnownFileType = sourcecode.swift; path = HomeView.swift; sourceTree = "<group>"; };
		785770642B068EC500E4868B /* HomeVM.swift */ = {isa = PBXFileReference; lastKnownFileType = sourcecode.swift; path = HomeVM.swift; sourceTree = "<group>"; };
		789BD24C2B06589C009686E5 /* Color.swift */ = {isa = PBXFileReference; lastKnownFileType = sourcecode.swift; path = Color.swift; sourceTree = "<group>"; };
/* End PBXFileReference section */

/* Begin PBXFrameworksBuildPhase section */
		2DF5ADB62B055D160052C509 /* Frameworks */ = {
			isa = PBXFrameworksBuildPhase;
			buildActionMask = 2147483647;
			files = (
			);
			runOnlyForDeploymentPostprocessing = 0;
		};
/* End PBXFrameworksBuildPhase section */

/* Begin PBXGroup section */
		2DF5ADB02B055D160052C509 = {
			isa = PBXGroup;
			children = (
				2DF5ADBB2B055D160052C509 /* MyProfile */,
				2DF5ADBA2B055D160052C509 /* Products */,
			);
			sourceTree = "<group>";
		};
		2DF5ADBA2B055D160052C509 /* Products */ = {
			isa = PBXGroup;
			children = (
				2DF5ADB92B055D160052C509 /* MyProfile.app */,
			);
			name = Products;
			sourceTree = "<group>";
		};
		2DF5ADBB2B055D160052C509 /* MyProfile */ = {
			isa = PBXGroup;
			children = (
				785770662B0696B300E4868B /* Extensions */,
				7857705E2B067D4000E4868B /* Info.plist */,
				785770582B067CB600E4868B /* Resources */,
				2DF5ADDF2B05E8840052C509 /* MyProfile.entitlements */,
				2DF5ADD72B055D980052C509 /* Model */,
				2DF5ADCA2B055D3F0052C509 /* ViewModel-View */,
				2DF5ADBC2B055D160052C509 /* MyProfileApp.swift */,
				2DF5ADC02B055D170052C509 /* Assets.xcassets */,
				2DF5ADC22B055D170052C509 /* Preview Content */,
			);
			path = MyProfile;
			sourceTree = "<group>";
		};
		2DF5ADC22B055D170052C509 /* Preview Content */ = {
			isa = PBXGroup;
			children = (
				2DF5ADC32B055D170052C509 /* Preview Assets.xcassets */,
			);
			path = "Preview Content";
			sourceTree = "<group>";
		};
		2DF5ADCA2B055D3F0052C509 /* ViewModel-View */ = {
			isa = PBXGroup;
			children = (
				785770612B068EAC00E4868B /* Home */,
				2DF5ADD22B055D6F0052C509 /* Profile */,
				2DF5ADCD2B055D4F0052C509 /* Root */,
				2DF5ADCB2B055D480052C509 /* BaseVM.swift */,
			);
			path = "ViewModel-View";
			sourceTree = "<group>";
		};
		2DF5ADCD2B055D4F0052C509 /* Root */ = {
			isa = PBXGroup;
			children = (
				2DF5ADCE2B055D4F0052C509 /* RootView.swift */,
				2DF5ADCF2B055D4F0052C509 /* RootVM.swift */,
			);
			path = Root;
			sourceTree = "<group>";
		};
		2DF5ADD22B055D6F0052C509 /* Profile */ = {
			isa = PBXGroup;
			children = (
				2DF5ADE42B062FA50052C509 /* Views */,
				2DF5ADD32B055D6F0052C509 /* ProfileVM.swift */,
				2DF5ADD42B055D6F0052C509 /* ProfileView.swift */,
			);
			path = Profile;
			sourceTree = "<group>";
		};
		2DF5ADD72B055D980052C509 /* Model */ = {
			isa = PBXGroup;
			children = (
				2DF5ADE02B05E8D00052C509 /* Services */,
				2DF5ADDB2B055DBD0052C509 /*  DependencyContainer.swift */,
				2DF5ADD82B055DA10052C509 /* Entities */,
			);
			path = Model;
			sourceTree = "<group>";
		};
		2DF5ADD82B055DA10052C509 /* Entities */ = {
			isa = PBXGroup;
			children = (
				2DF5ADD92B055DA70052C509 /* AppState.swift */,
				2DF5ADDD2B055EA50052C509 /* User.swift */,
			);
			path = Entities;
			sourceTree = "<group>";
		};
		2DF5ADE02B05E8D00052C509 /* Services */ = {
			isa = PBXGroup;
			children = (
				2DF5ADE12B05E8E90052C509 /* Notification */,
			);
			path = Services;
			sourceTree = "<group>";
		};
		2DF5ADE12B05E8E90052C509 /* Notification */ = {
			isa = PBXGroup;
			children = (
				2DF5ADE22B05E8FD0052C509 /* NotificationService.swift */,
			);
			path = Notification;
			sourceTree = "<group>";
		};
		2DF5ADE42B062FA50052C509 /* Views */ = {
			isa = PBXGroup;
			children = (
				2DF5ADE62B0630120052C509 /* ToggleView.swift */,
			);
			path = Views;
			sourceTree = "<group>";
		};
		785770582B067CB600E4868B /* Resources */ = {
			isa = PBXGroup;
			children = (
				785770592B067CBD00E4868B /* Fonts */,
			);
			path = Resources;
			sourceTree = "<group>";
		};
		785770592B067CBD00E4868B /* Fonts */ = {
			isa = PBXGroup;
			children = (
				7857705C2B067D0B00E4868B /* SF-Pro-Text-Regular.otf */,
				7857705A2B067CD900E4868B /* SF-Pro-Display-Semibold.otf */,
			);
			path = Fonts;
			sourceTree = "<group>";
		};
		785770612B068EAC00E4868B /* Home */ = {
			isa = PBXGroup;
			children = (
				785770622B068EB800E4868B /* HomeView.swift */,
				785770642B068EC500E4868B /* HomeVM.swift */,
			);
			path = Home;
			sourceTree = "<group>";
		};
		785770662B0696B300E4868B /* Extensions */ = {
			isa = PBXGroup;
			children = (
				789BD24C2B06589C009686E5 /* Color.swift */,
				7857705F2B067DCB00E4868B /* Font.swift */,
			);
			path = Extensions;
			sourceTree = "<group>";
		};
/* End PBXGroup section */

/* Begin PBXNativeTarget section */
		2DF5ADB82B055D160052C509 /* MyProfile */ = {
			isa = PBXNativeTarget;
			buildConfigurationList = 2DF5ADC72B055D170052C509 /* Build configuration list for PBXNativeTarget "MyProfile" */;
			buildPhases = (
				2DF5ADB52B055D160052C509 /* Sources */,
				2DF5ADB62B055D160052C509 /* Frameworks */,
				2DF5ADB72B055D160052C509 /* Resources */,
			);
			buildRules = (
			);
			dependencies = (
			);
			name = MyProfile;
			productName = MyProfile;
			productReference = 2DF5ADB92B055D160052C509 /* MyProfile.app */;
			productType = "com.apple.product-type.application";
		};
/* End PBXNativeTarget section */

/* Begin PBXProject section */
		2DF5ADB12B055D160052C509 /* Project object */ = {
			isa = PBXProject;
			attributes = {
				BuildIndependentTargetsInParallel = 1;
				LastSwiftUpdateCheck = 1500;
				LastUpgradeCheck = 1500;
				TargetAttributes = {
					2DF5ADB82B055D160052C509 = {
						CreatedOnToolsVersion = 15.0.1;
					};
				};
			};
			buildConfigurationList = 2DF5ADB42B055D160052C509 /* Build configuration list for PBXProject "MyProfile" */;
			compatibilityVersion = "Xcode 14.0";
			developmentRegion = en;
			hasScannedForEncodings = 0;
			knownRegions = (
				en,
				Base,
			);
			mainGroup = 2DF5ADB02B055D160052C509;
			productRefGroup = 2DF5ADBA2B055D160052C509 /* Products */;
			projectDirPath = "";
			projectRoot = "";
			targets = (
				2DF5ADB82B055D160052C509 /* MyProfile */,
			);
		};
/* End PBXProject section */

/* Begin PBXResourcesBuildPhase section */
		2DF5ADB72B055D160052C509 /* Resources */ = {
			isa = PBXResourcesBuildPhase;
			buildActionMask = 2147483647;
			files = (
				7857705B2B067CD900E4868B /* SF-Pro-Display-Semibold.otf in Resources */,
				2DF5ADC42B055D170052C509 /* Preview Assets.xcassets in Resources */,
				7857705D2B067D0B00E4868B /* SF-Pro-Text-Regular.otf in Resources */,
				2DF5ADC12B055D170052C509 /* Assets.xcassets in Resources */,
			);
			runOnlyForDeploymentPostprocessing = 0;
		};
/* End PBXResourcesBuildPhase section */

/* Begin PBXSourcesBuildPhase section */
		2DF5ADB52B055D160052C509 /* Sources */ = {
			isa = PBXSourcesBuildPhase;
			buildActionMask = 2147483647;
			files = (
				2DF5ADD02B055D4F0052C509 /* RootView.swift in Sources */,
				785770632B068EB800E4868B /* HomeView.swift in Sources */,
				2DF5ADD62B055D6F0052C509 /* ProfileView.swift in Sources */,
				2DF5ADE82B0630120052C509 /* ToggleView.swift in Sources */,
				2DF5ADDA2B055DA70052C509 /* AppState.swift in Sources */,
				2DF5ADDC2B055DBD0052C509 /*  DependencyContainer.swift in Sources */,
				785770652B068EC500E4868B /* HomeVM.swift in Sources */,
				789BD24D2B06589C009686E5 /* Color.swift in Sources */,
				2DF5ADD12B055D4F0052C509 /* RootVM.swift in Sources */,
				785770602B067DCB00E4868B /* Font.swift in Sources */,
				2DF5ADD52B055D6F0052C509 /* ProfileVM.swift in Sources */,
				2DF5ADCC2B055D480052C509 /* BaseVM.swift in Sources */,
				2DF5ADDE2B055EA50052C509 /* User.swift in Sources */,
				2DF5ADE32B05E8FD0052C509 /* NotificationService.swift in Sources */,
				2DF5ADBD2B055D160052C509 /* MyProfileApp.swift in Sources */,
			);
			runOnlyForDeploymentPostprocessing = 0;
		};
/* End PBXSourcesBuildPhase section */

/* Begin XCBuildConfiguration section */
		2DF5ADC52B055D170052C509 /* Debug */ = {
			isa = XCBuildConfiguration;
			buildSettings = {
				ALWAYS_SEARCH_USER_PATHS = NO;
				ASSETCATALOG_COMPILER_GENERATE_SWIFT_ASSET_SYMBOL_EXTENSIONS = YES;
				CLANG_ANALYZER_NONNULL = YES;
				CLANG_ANALYZER_NUMBER_OBJECT_CONVERSION = YES_AGGRESSIVE;
				CLANG_CXX_LANGUAGE_STANDARD = "gnu++20";
				CLANG_ENABLE_MODULES = YES;
				CLANG_ENABLE_OBJC_ARC = YES;
				CLANG_ENABLE_OBJC_WEAK = YES;
				CLANG_WARN_BLOCK_CAPTURE_AUTORELEASING = YES;
				CLANG_WARN_BOOL_CONVERSION = YES;
				CLANG_WARN_COMMA = YES;
				CLANG_WARN_CONSTANT_CONVERSION = YES;
				CLANG_WARN_DEPRECATED_OBJC_IMPLEMENTATIONS = YES;
				CLANG_WARN_DIRECT_OBJC_ISA_USAGE = YES_ERROR;
				CLANG_WARN_DOCUMENTATION_COMMENTS = YES;
				CLANG_WARN_EMPTY_BODY = YES;
				CLANG_WARN_ENUM_CONVERSION = YES;
				CLANG_WARN_INFINITE_RECURSION = YES;
				CLANG_WARN_INT_CONVERSION = YES;
				CLANG_WARN_NON_LITERAL_NULL_CONVERSION = YES;
				CLANG_WARN_OBJC_IMPLICIT_RETAIN_SELF = YES;
				CLANG_WARN_OBJC_LITERAL_CONVERSION = YES;
				CLANG_WARN_OBJC_ROOT_CLASS = YES_ERROR;
				CLANG_WARN_QUOTED_INCLUDE_IN_FRAMEWORK_HEADER = YES;
				CLANG_WARN_RANGE_LOOP_ANALYSIS = YES;
				CLANG_WARN_STRICT_PROTOTYPES = YES;
				CLANG_WARN_SUSPICIOUS_MOVE = YES;
				CLANG_WARN_UNGUARDED_AVAILABILITY = YES_AGGRESSIVE;
				CLANG_WARN_UNREACHABLE_CODE = YES;
				CLANG_WARN__DUPLICATE_METHOD_MATCH = YES;
				COPY_PHASE_STRIP = NO;
				DEBUG_INFORMATION_FORMAT = dwarf;
				ENABLE_STRICT_OBJC_MSGSEND = YES;
				ENABLE_TESTABILITY = YES;
				ENABLE_USER_SCRIPT_SANDBOXING = YES;
				GCC_C_LANGUAGE_STANDARD = gnu17;
				GCC_DYNAMIC_NO_PIC = NO;
				GCC_NO_COMMON_BLOCKS = YES;
				GCC_OPTIMIZATION_LEVEL = 0;
				GCC_PREPROCESSOR_DEFINITIONS = (
					"DEBUG=1",
					"$(inherited)",
				);
				GCC_WARN_64_TO_32_BIT_CONVERSION = YES;
				GCC_WARN_ABOUT_RETURN_TYPE = YES_ERROR;
				GCC_WARN_UNDECLARED_SELECTOR = YES;
				GCC_WARN_UNINITIALIZED_AUTOS = YES_AGGRESSIVE;
				GCC_WARN_UNUSED_FUNCTION = YES;
				GCC_WARN_UNUSED_VARIABLE = YES;
				IPHONEOS_DEPLOYMENT_TARGET = 17.0;
				LOCALIZATION_PREFERS_STRING_CATALOGS = YES;
				MTL_ENABLE_DEBUG_INFO = INCLUDE_SOURCE;
				MTL_FAST_MATH = YES;
				ONLY_ACTIVE_ARCH = YES;
				SDKROOT = iphoneos;
				SWIFT_ACTIVE_COMPILATION_CONDITIONS = "DEBUG $(inherited)";
				SWIFT_OPTIMIZATION_LEVEL = "-Onone";
			};
			name = Debug;
		};
		2DF5ADC62B055D170052C509 /* Release */ = {
			isa = XCBuildConfiguration;
			buildSettings = {
				ALWAYS_SEARCH_USER_PATHS = NO;
				ASSETCATALOG_COMPILER_GENERATE_SWIFT_ASSET_SYMBOL_EXTENSIONS = YES;
				CLANG_ANALYZER_NONNULL = YES;
				CLANG_ANALYZER_NUMBER_OBJECT_CONVERSION = YES_AGGRESSIVE;
				CLANG_CXX_LANGUAGE_STANDARD = "gnu++20";
				CLANG_ENABLE_MODULES = YES;
				CLANG_ENABLE_OBJC_ARC = YES;
				CLANG_ENABLE_OBJC_WEAK = YES;
				CLANG_WARN_BLOCK_CAPTURE_AUTORELEASING = YES;
				CLANG_WARN_BOOL_CONVERSION = YES;
				CLANG_WARN_COMMA = YES;
				CLANG_WARN_CONSTANT_CONVERSION = YES;
				CLANG_WARN_DEPRECATED_OBJC_IMPLEMENTATIONS = YES;
				CLANG_WARN_DIRECT_OBJC_ISA_USAGE = YES_ERROR;
				CLANG_WARN_DOCUMENTATION_COMMENTS = YES;
				CLANG_WARN_EMPTY_BODY = YES;
				CLANG_WARN_ENUM_CONVERSION = YES;
				CLANG_WARN_INFINITE_RECURSION = YES;
				CLANG_WARN_INT_CONVERSION = YES;
				CLANG_WARN_NON_LITERAL_NULL_CONVERSION = YES;
				CLANG_WARN_OBJC_IMPLICIT_RETAIN_SELF = YES;
				CLANG_WARN_OBJC_LITERAL_CONVERSION = YES;
				CLANG_WARN_OBJC_ROOT_CLASS = YES_ERROR;
				CLANG_WARN_QUOTED_INCLUDE_IN_FRAMEWORK_HEADER = YES;
				CLANG_WARN_RANGE_LOOP_ANALYSIS = YES;
				CLANG_WARN_STRICT_PROTOTYPES = YES;
				CLANG_WARN_SUSPICIOUS_MOVE = YES;
				CLANG_WARN_UNGUARDED_AVAILABILITY = YES_AGGRESSIVE;
				CLANG_WARN_UNREACHABLE_CODE = YES;
				CLANG_WARN__DUPLICATE_METHOD_MATCH = YES;
				COPY_PHASE_STRIP = NO;
				DEBUG_INFORMATION_FORMAT = "dwarf-with-dsym";
				ENABLE_NS_ASSERTIONS = NO;
				ENABLE_STRICT_OBJC_MSGSEND = YES;
				ENABLE_USER_SCRIPT_SANDBOXING = YES;
				GCC_C_LANGUAGE_STANDARD = gnu17;
				GCC_NO_COMMON_BLOCKS = YES;
				GCC_WARN_64_TO_32_BIT_CONVERSION = YES;
				GCC_WARN_ABOUT_RETURN_TYPE = YES_ERROR;
				GCC_WARN_UNDECLARED_SELECTOR = YES;
				GCC_WARN_UNINITIALIZED_AUTOS = YES_AGGRESSIVE;
				GCC_WARN_UNUSED_FUNCTION = YES;
				GCC_WARN_UNUSED_VARIABLE = YES;
				IPHONEOS_DEPLOYMENT_TARGET = 17.0;
				LOCALIZATION_PREFERS_STRING_CATALOGS = YES;
				MTL_ENABLE_DEBUG_INFO = NO;
				MTL_FAST_MATH = YES;
				SDKROOT = iphoneos;
				SWIFT_COMPILATION_MODE = wholemodule;
				VALIDATE_PRODUCT = YES;
			};
			name = Release;
		};
		2DF5ADC82B055D170052C509 /* Debug */ = {
			isa = XCBuildConfiguration;
			buildSettings = {
				ASSETCATALOG_COMPILER_APPICON_NAME = AppIcon;
				ASSETCATALOG_COMPILER_GLOBAL_ACCENT_COLOR_NAME = AccentColor;
				CODE_SIGN_ENTITLEMENTS = MyProfile/MyProfile.entitlements;
				CODE_SIGN_STYLE = Automatic;
				CURRENT_PROJECT_VERSION = 1;
				DEVELOPMENT_ASSET_PATHS = "\"MyProfile/Preview Content\"";
				ENABLE_PREVIEWS = YES;
				GENERATE_INFOPLIST_FILE = YES;
				INFOPLIST_FILE = MyProfile/Info.plist;
				INFOPLIST_KEY_UIApplicationSceneManifest_Generation = YES;
				INFOPLIST_KEY_UIApplicationSupportsIndirectInputEvents = YES;
				INFOPLIST_KEY_UILaunchScreen_Generation = YES;
				INFOPLIST_KEY_UISupportedInterfaceOrientations_iPad = "UIInterfaceOrientationPortrait UIInterfaceOrientationPortraitUpsideDown UIInterfaceOrientationLandscapeLeft UIInterfaceOrientationLandscapeRight";
				INFOPLIST_KEY_UISupportedInterfaceOrientations_iPhone = "UIInterfaceOrientationPortrait UIInterfaceOrientationLandscapeLeft UIInterfaceOrientationLandscapeRight";
				IPHONEOS_DEPLOYMENT_TARGET = 16.4;
				LD_RUNPATH_SEARCH_PATHS = (
					"$(inherited)",
					"@executable_path/Frameworks",
				);
				MARKETING_VERSION = 1.0;
				PRODUCT_BUNDLE_IDENTIFIER = com.danylomalovichko.myprofile.MyProfile;
				PRODUCT_NAME = "$(TARGET_NAME)";
				SWIFT_EMIT_LOC_STRINGS = YES;
				SWIFT_VERSION = 5.0;
				TARGETED_DEVICE_FAMILY = "1,2";
			};
			name = Debug;
		};
		2DF5ADC92B055D170052C509 /* Release */ = {
			isa = XCBuildConfiguration;
			buildSettings = {
				ASSETCATALOG_COMPILER_APPICON_NAME = AppIcon;
				ASSETCATALOG_COMPILER_GLOBAL_ACCENT_COLOR_NAME = AccentColor;
				CODE_SIGN_ENTITLEMENTS = MyProfile/MyProfile.entitlements;
				CODE_SIGN_STYLE = Automatic;
				CURRENT_PROJECT_VERSION = 1;
				DEVELOPMENT_ASSET_PATHS = "\"MyProfile/Preview Content\"";
				ENABLE_PREVIEWS = YES;
				GENERATE_INFOPLIST_FILE = YES;
				INFOPLIST_FILE = MyProfile/Info.plist;
				INFOPLIST_KEY_UIApplicationSceneManifest_Generation = YES;
				INFOPLIST_KEY_UIApplicationSupportsIndirectInputEvents = YES;
				INFOPLIST_KEY_UILaunchScreen_Generation = YES;
				INFOPLIST_KEY_UISupportedInterfaceOrientations_iPad = "UIInterfaceOrientationPortrait UIInterfaceOrientationPortraitUpsideDown UIInterfaceOrientationLandscapeLeft UIInterfaceOrientationLandscapeRight";
				INFOPLIST_KEY_UISupportedInterfaceOrientations_iPhone = "UIInterfaceOrientationPortrait UIInterfaceOrientationLandscapeLeft UIInterfaceOrientationLandscapeRight";
				IPHONEOS_DEPLOYMENT_TARGET = 16.4;
				LD_RUNPATH_SEARCH_PATHS = (
					"$(inherited)",
					"@executable_path/Frameworks",
				);
				MARKETING_VERSION = 1.0;
				PRODUCT_BUNDLE_IDENTIFIER = com.danylomalovichko.myprofile.MyProfile;
				PRODUCT_NAME = "$(TARGET_NAME)";
				SWIFT_EMIT_LOC_STRINGS = YES;
				SWIFT_VERSION = 5.0;
				TARGETED_DEVICE_FAMILY = "1,2";
			};
			name = Release;
		};
/* End XCBuildConfiguration section */

/* Begin XCConfigurationList section */
		2DF5ADB42B055D160052C509 /* Build configuration list for PBXProject "MyProfile" */ = {
			isa = XCConfigurationList;
			buildConfigurations = (
				2DF5ADC52B055D170052C509 /* Debug */,
				2DF5ADC62B055D170052C509 /* Release */,
			);
			defaultConfigurationIsVisible = 0;
			defaultConfigurationName = Release;
		};
		2DF5ADC72B055D170052C509 /* Build configuration list for PBXNativeTarget "MyProfile" */ = {
			isa = XCConfigurationList;
			buildConfigurations = (
				2DF5ADC82B055D170052C509 /* Debug */,
				2DF5ADC92B055D170052C509 /* Release */,
			);
			defaultConfigurationIsVisible = 0;
			defaultConfigurationName = Release;
		};
/* End XCConfigurationList section */
	};
	rootObject = 2DF5ADB12B055D160052C509 /* Project object */;
}
